
Microsoft Visual Studio Solution File, Format Version 12.00
# Visual Studio Version 16
VisualStudioVersion = 16.0.30114.105
MinimumVisualStudioVersion = 10.0.40219.1
Project("{FAE04EC0-301F-11D3-BF4B-00C04F79EFBC}") = "Booze-pedia-API", "Booze-pedia-API\Booze-pedia-API.csproj", "{9C63F771-7814-4720-8B08-271280069D61}"
EndProject
Global
	GlobalSection(SolutionConfigurationPlatforms) = preSolution
		Debug|Any CPU = Debug|Any CPU
		Release|Any CPU = Release|Any CPU
	EndGlobalSection
	GlobalSection(ProjectConfigurationPlatforms) = postSolution
		{9C63F771-7814-4720-8B08-271280069D61}.Debug|Any CPU.ActiveCfg = Debug|Any CPU
		{9C63F771-7814-4720-8B08-271280069D61}.Debug|Any CPU.Build.0 = Debug|Any CPU
		{9C63F771-7814-4720-8B08-271280069D61}.Release|Any CPU.ActiveCfg = Release|Any CPU
		{9C63F771-7814-4720-8B08-271280069D61}.Release|Any CPU.Build.0 = Release|Any CPU
	EndGlobalSection
	GlobalSection(SolutionProperties) = preSolution
		HideSolutionNode = FALSE
	EndGlobalSection
	GlobalSection(ExtensibilityGlobals) = postSolution
		SolutionGuid = {16583D03-EABC-4DC5-BF19-0995704B2535}
	EndGlobalSection
EndGlobal
